
Microsoft Visual Studio Solution File, Format Version 12.00
# Visual Studio Version 18
VisualStudioVersion = 18.3.11512.155
MinimumVisualStudioVersion = 10.0.40219.1
Project("{888888A0-9F3D-457C-B088-3A5042F75D52}") = "Pidss.DataPlatform.Synthetic.Mes.Generator", "data_platform\synthetic\mes\Pidss.Synthetic.Mes.Generator\Pidss.DataPlatform.Synthetic.Mes.Generator.pyproj", "{9AF07E94-ED64-4F0A-94F0-338915A19C2C}"
EndProject
Project("{888888A0-9F3D-457C-B088-3A5042F75D52}") = "Pidss.DataPlatform.Ingestion", "data_platform\ingestion\Pidss.DataPlatform.Ingestion\Pidss.DataPlatform.Ingestion.pyproj", "{AF04643A-29FA-43F4-8618-43BC83363AED}"
EndProject
Project("{888888A0-9F3D-457C-B088-3A5042F75D52}") = "Pidss.DataPlatform.Calibration", "data_platform\calibration\Pidss.DataPlatform.Calibration\Pidss.DataPlatform.Calibration.pyproj", "{A4267A4B-2176-49C9-AE16-9B6D5BA12C3E}"
EndProject
Project("{888888A0-9F3D-457C-B088-3A5042F75D52}") = "Pidss.DataPlatform.FeatureEngineering", "data_platform\feature_engineering\Pidss.DataPlatform.FeatureEngineering\Pidss.DataPlatform.FeatureEngineering.pyproj", "{DE13C0F6-8F3E-4F0D-A082-11BC3844988C}"
EndProject
Project("{FAE04EC0-301F-11D3-BF4B-00C04F79EFBC}") = "Pidss.DataPlatform.Synthetic.Mes.Api", "data_platform\synthetic\mes\Pidss.DataPlatform.Synthetic.Mes.Api\Pidss.DataPlatform.Synthetic.Mes.Api.csproj", "{980DBB4A-F621-43FC-9244-ECA6A47DF358}"
EndProject
Project("{FAE04EC0-301F-11D3-BF4B-00C04F79EFBC}") = "Pidss.Desktop.Winforms", "presentation\desktop\Pidss.Desktop.Winforms\Pidss.Desktop.Winforms.csproj", "{C4138850-21A7-69D5-4AA4-8FC591AE7FFA}"
EndProject
Project("{54A90642-561A-4BB1-A94E-469ADEE60C69}") = "pidss-web-react", "presentation\web\pidss-web-react\pidss-web-react.esproj", "{62C83158-C822-8114-6336-F18467402776}"
EndProject
Project("{8BC9CEB8-8B4A-11D0-8D11-00A0C91BC942}") = "Pidss.Simulation", "services\simulation\Pidss.Simulation\Pidss.Simulation.vcxproj", "{2A9CA76F-4D04-41E3-8E3A-D41BBC5BCF31}"
EndProject
Project("{888888A0-9F3D-457C-B088-3A5042F75D52}") = "Pidss.Optimization", "services\optimization\Pidss.Optimization\Pidss.Optimization.pyproj", "{8551228F-BB02-41AF-B751-FAB922DE6A2D}"
EndProject
Project("{888888A0-9F3D-457C-B088-3A5042F75D52}") = "Pidss.Analytics", "services\analytics\Pidss.Analytics\Pidss.Analytics.pyproj", "{3DC8C095-E6B9-495E-9046-A1315A13B6A5}"
EndProject
Project("{888888A0-9F3D-457C-B088-3A5042F75D52}") = "Pidss.SchemaValidation", "services\schema_validation\PythonApplication1\Pidss.SchemaValidation.pyproj", "{17B1A1CC-3231-4DEE-BC2E-8B771244EA6B}"
EndProject
Project("{FAE04EC0-301F-11D3-BF4B-00C04F79EFBC}") = "Pidss.Platform.Api", "platform\Pidss.Platform.Api\Pidss.Platform.Api.csproj", "{C28F56B4-1496-CD29-051F-D257159475A4}"
EndProject
Project("{FAE04EC0-301F-11D3-BF4B-00C04F79EFBC}") = "Pidss.Platform.Domain", "platform\Pidss.Platform.Domain\Pidss.Platform.Domain.csproj", "{C9848024-B05D-C118-7EAC-63981275F6E3}"
EndProject
Project("{FAE04EC0-301F-11D3-BF4B-00C04F79EFBC}") = "Pidss.Platform.Application", "platform\Pidss.Platform.Application\Pidss.Platform.Application.csproj", "{2D4897F5-B5ED-4308-B6E9-AE7C3DBA99DB}"
EndProject
Project("{FAE04EC0-301F-11D3-BF4B-00C04F79EFBC}") = "Pidss.Platform.Infrastructure", "platform\Pidss.Platform.Infrastructure\Pidss.Platform.Infrastructure.csproj", "{DE87B592-4D0F-4FA1-B1A6-52E96599BC98}"
EndProject
Global
	GlobalSection(SolutionConfigurationPlatforms) = preSolution
		Debug|Any CPU = Debug|Any CPU
		Debug|x64 = Debug|x64
		Debug|x86 = Debug|x86
		Release|Any CPU = Release|Any CPU
		Release|x64 = Release|x64
		Release|x86 = Release|x86
	EndGlobalSection
	GlobalSection(ProjectConfigurationPlatforms) = postSolution
		{9AF07E94-ED64-4F0A-94F0-338915A19C2C}.Debug|Any CPU.ActiveCfg = Debug|Any CPU
		{9AF07E94-ED64-4F0A-94F0-338915A19C2C}.Debug|x64.ActiveCfg = Debug|Any CPU
		{9AF07E94-ED64-4F0A-94F0-338915A19C2C}.Debug|x86.ActiveCfg = Debug|Any CPU
		{9AF07E94-ED64-4F0A-94F0-338915A19C2C}.Release|Any CPU.ActiveCfg = Release|Any CPU
		{9AF07E94-ED64-4F0A-94F0-338915A19C2C}.Release|x64.ActiveCfg = Release|Any CPU
		{9AF07E94-ED64-4F0A-94F0-338915A19C2C}.Release|x86.ActiveCfg = Release|Any CPU
		{AF04643A-29FA-43F4-8618-43BC83363AED}.Debug|Any CPU.ActiveCfg = Debug|Any CPU
		{AF04643A-29FA-43F4-8618-43BC83363AED}.Debug|x64.ActiveCfg = Debug|Any CPU
		{AF04643A-29FA-43F4-8618-43BC83363AED}.Debug|x86.ActiveCfg = Debug|Any CPU
		{AF04643A-29FA-43F4-8618-43BC83363AED}.Release|Any CPU.ActiveCfg = Release|Any CPU
		{AF04643A-29FA-43F4-8618-43BC83363AED}.Release|x64.ActiveCfg = Release|Any CPU
		{AF04643A-29FA-43F4-8618-43BC83363AED}.Release|x86.ActiveCfg = Release|Any CPU
		{A4267A4B-2176-49C9-AE16-9B6D5BA12C3E}.Debug|Any CPU.ActiveCfg = Debug|Any CPU
		{A4267A4B-2176-49C9-AE16-9B6D5BA12C3E}.Debug|x64.ActiveCfg = Debug|Any CPU
		{A4267A4B-2176-49C9-AE16-9B6D5BA12C3E}.Debug|x86.ActiveCfg = Debug|Any CPU
		{A4267A4B-2176-49C9-AE16-9B6D5BA12C3E}.Release|Any CPU.ActiveCfg = Release|Any CPU
		{A4267A4B-2176-49C9-AE16-9B6D5BA12C3E}.Release|x64.ActiveCfg = Release|Any CPU
		{A4267A4B-2176-49C9-AE16-9B6D5BA12C3E}.Release|x86.ActiveCfg = Release|Any CPU
		{DE13C0F6-8F3E-4F0D-A082-11BC3844988C}.Debug|Any CPU.ActiveCfg = Debug|Any CPU
		{DE13C0F6-8F3E-4F0D-A082-11BC3844988C}.Debug|x64.ActiveCfg = Debug|Any CPU
		{DE13C0F6-8F3E-4F0D-A082-11BC3844988C}.Debug|x86.ActiveCfg = Debug|Any CPU
		{DE13C0F6-8F3E-4F0D-A082-11BC3844988C}.Release|Any CPU.ActiveCfg = Release|Any CPU
		{DE13C0F6-8F3E-4F0D-A082-11BC3844988C}.Release|x64.ActiveCfg = Release|Any CPU
		{DE13C0F6-8F3E-4F0D-A082-11BC3844988C}.Release|x86.ActiveCfg = Release|Any CPU
		{980DBB4A-F621-43FC-9244-ECA6A47DF358}.Debug|Any CPU.ActiveCfg = Debug|Any CPU
		{980DBB4A-F621-43FC-9244-ECA6A47DF358}.Debug|Any CPU.Build.0 = Debug|Any CPU
		{980DBB4A-F621-43FC-9244-ECA6A47DF358}.Debug|x64.ActiveCfg = Debug|Any CPU
		{980DBB4A-F621-43FC-9244-ECA6A47DF358}.Debug|x64.Build.0 = Debug|Any CPU
		{980DBB4A-F621-43FC-9244-ECA6A47DF358}.Debug|x86.ActiveCfg = Debug|Any CPU
		{980DBB4A-F621-43FC-9244-ECA6A47DF358}.Debug|x86.Build.0 = Debug|Any CPU
		{980DBB4A-F621-43FC-9244-ECA6A47DF358}.Release|Any CPU.ActiveCfg = Release|Any CPU
		{980DBB4A-F621-43FC-9244-ECA6A47DF358}.Release|Any CPU.Build.0 = Release|Any CPU
		{980DBB4A-F621-43FC-9244-ECA6A47DF358}.Release|x64.ActiveCfg = Release|Any CPU
		{980DBB4A-F621-43FC-9244-ECA6A47DF358}.Release|x64.Build.0 = Release|Any CPU
		{980DBB4A-F621-43FC-9244-ECA6A47DF358}.Release|x86.ActiveCfg = Release|Any CPU
		{980DBB4A-F621-43FC-9244-ECA6A47DF358}.Release|x86.Build.0 = Release|Any CPU
		{C4138850-21A7-69D5-4AA4-8FC591AE7FFA}.Debug|Any CPU.ActiveCfg = Debug|Any CPU
		{C4138850-21A7-69D5-4AA4-8FC591AE7FFA}.Debug|Any CPU.Build.0 = Debug|Any CPU
		{C4138850-21A7-69D5-4AA4-8FC591AE7FFA}.Debug|x64.ActiveCfg = Debug|Any CPU
		{C4138850-21A7-69D5-4AA4-8FC591AE7FFA}.Debug|x64.Build.0 = Debug|Any CPU
		{C4138850-21A7-69D5-4AA4-8FC591AE7FFA}.Debug|x86.ActiveCfg = Debug|Any CPU
		{C4138850-21A7-69D5-4AA4-8FC591AE7FFA}.Debug|x86.Build.0 = Debug|Any CPU
		{C4138850-21A7-69D5-4AA4-8FC591AE7FFA}.Release|Any CPU.ActiveCfg = Release|Any CPU
		{C4138850-21A7-69D5-4AA4-8FC591AE7FFA}.Release|Any CPU.Build.0 = Release|Any CPU
		{C4138850-21A7-69D5-4AA4-8FC591AE7FFA}.Release|x64.ActiveCfg = Release|Any CPU
		{C4138850-21A7-69D5-4AA4-8FC591AE7FFA}.Release|x64.Build.0 = Release|Any CPU
		{C4138850-21A7-69D5-4AA4-8FC591AE7FFA}.Release|x86.ActiveCfg = Release|Any CPU
		{C4138850-21A7-69D5-4AA4-8FC591AE7FFA}.Release|x86.Build.0 = Release|Any CPU
		{62C83158-C822-8114-6336-F18467402776}.Debug|Any CPU.ActiveCfg = Debug|Any CPU
		{62C83158-C822-8114-6336-F18467402776}.Debug|Any CPU.Build.0 = Debug|Any CPU
		{62C83158-C822-8114-6336-F18467402776}.Debug|Any CPU.Deploy.0 = Debug|Any CPU
		{62C83158-C822-8114-6336-F18467402776}.Debug|x64.ActiveCfg = Debug|Any CPU
		{62C83158-C822-8114-6336-F18467402776}.Debug|x64.Build.0 = Debug|Any CPU
		{62C83158-C822-8114-6336-F18467402776}.Debug|x64.Deploy.0 = Debug|Any CPU
		{62C83158-C822-8114-6336-F18467402776}.Debug|x86.ActiveCfg = Debug|Any CPU
		{62C83158-C822-8114-6336-F18467402776}.Debug|x86.Build.0 = Debug|Any CPU
		{62C83158-C822-8114-6336-F18467402776}.Debug|x86.Deploy.0 = Debug|Any CPU
		{62C83158-C822-8114-6336-F18467402776}.Release|Any CPU.ActiveCfg = Release|Any CPU
		{62C83158-C822-8114-6336-F18467402776}.Release|Any CPU.Build.0 = Release|Any CPU
		{62C83158-C822-8114-6336-F18467402776}.Release|Any CPU.Deploy.0 = Release|Any CPU
		{62C83158-C822-8114-6336-F18467402776}.Release|x64.ActiveCfg = Release|Any CPU
		{62C83158-C822-8114-6336-F18467402776}.Release|x64.Build.0 = Release|Any CPU
		{62C83158-C822-8114-6336-F18467402776}.Release|x64.Deploy.0 = Release|Any CPU
		{62C83158-C822-8114-6336-F18467402776}.Release|x86.ActiveCfg = Release|Any CPU
		{62C83158-C822-8114-6336-F18467402776}.Release|x86.Build.0 = Release|Any CPU
		{62C83158-C822-8114-6336-F18467402776}.Release|x86.Deploy.0 = Release|Any CPU
		{2A9CA76F-4D04-41E3-8E3A-D41BBC5BCF31}.Debug|Any CPU.ActiveCfg = Debug|x64
		{2A9CA76F-4D04-41E3-8E3A-D41BBC5BCF31}.Debug|Any CPU.Build.0 = Debug|x64
		{2A9CA76F-4D04-41E3-8E3A-D41BBC5BCF31}.Debug|x64.ActiveCfg = Debug|x64
		{2A9CA76F-4D04-41E3-8E3A-D41BBC5BCF31}.Debug|x64.Build.0 = Debug|x64
		{2A9CA76F-4D04-41E3-8E3A-D41BBC5BCF31}.Debug|x86.ActiveCfg = Debug|Win32
		{2A9CA76F-4D04-41E3-8E3A-D41BBC5BCF31}.Debug|x86.Build.0 = Debug|Win32
		{2A9CA76F-4D04-41E3-8E3A-D41BBC5BCF31}.Release|Any CPU.ActiveCfg = Release|x64
		{2A9CA76F-4D04-41E3-8E3A-D41BBC5BCF31}.Release|Any CPU.Build.0 = Release|x64
		{2A9CA76F-4D04-41E3-8E3A-D41BBC5BCF31}.Release|x64.ActiveCfg = Release|x64
		{2A9CA76F-4D04-41E3-8E3A-D41BBC5BCF31}.Release|x64.Build.0 = Release|x64
		{2A9CA76F-4D04-41E3-8E3A-D41BBC5BCF31}.Release|x86.ActiveCfg = Release|Win32
		{2A9CA76F-4D04-41E3-8E3A-D41BBC5BCF31}.Release|x86.Build.0 = Release|Win32
		{8551228F-BB02-41AF-B751-FAB922DE6A2D}.Debug|Any CPU.ActiveCfg = Debug|Any CPU
		{8551228F-BB02-41AF-B751-FAB922DE6A2D}.Debug|x64.ActiveCfg = Debug|Any CPU
		{8551228F-BB02-41AF-B751-FAB922DE6A2D}.Debug|x86.ActiveCfg = Debug|Any CPU
		{8551228F-BB02-41AF-B751-FAB922DE6A2D}.Release|Any CPU.ActiveCfg = Release|Any CPU
		{8551228F-BB02-41AF-B751-FAB922DE6A2D}.Release|x64.ActiveCfg = Release|Any CPU
		{8551228F-BB02-41AF-B751-FAB922DE6A2D}.Release|x86.ActiveCfg = Release|Any CPU
		{3DC8C095-E6B9-495E-9046-A1315A13B6A5}.Debug|Any CPU.ActiveCfg = Debug|Any CPU
		{3DC8C095-E6B9-495E-9046-A1315A13B6A5}.Debug|x64.ActiveCfg = Debug|Any CPU
		{3DC8C095-E6B9-495E-9046-A1315A13B6A5}.Debug|x86.ActiveCfg = Debug|Any CPU
		{3DC8C095-E6B9-495E-9046-A1315A13B6A5}.Release|Any CPU.ActiveCfg = Release|Any CPU
		{3DC8C095-E6B9-495E-9046-A1315A13B6A5}.Release|x64.ActiveCfg = Release|Any CPU
		{3DC8C095-E6B9-495E-9046-A1315A13B6A5}.Release|x86.ActiveCfg = Release|Any CPU
		{17B1A1CC-3231-4DEE-BC2E-8B771244EA6B}.Debug|Any CPU.ActiveCfg = Debug|Any CPU
		{17B1A1CC-3231-4DEE-BC2E-8B771244EA6B}.Debug|x64.ActiveCfg = Debug|Any CPU
		{17B1A1CC-3231-4DEE-BC2E-8B771244EA6B}.Debug|x86.ActiveCfg = Debug|Any CPU
		{17B1A1CC-3231-4DEE-BC2E-8B771244EA6B}.Release|Any CPU.ActiveCfg = Release|Any CPU
		{17B1A1CC-3231-4DEE-BC2E-8B771244EA6B}.Release|x64.ActiveCfg = Release|Any CPU
		{17B1A1CC-3231-4DEE-BC2E-8B771244EA6B}.Release|x86.ActiveCfg = Release|Any CPU
		{C28F56B4-1496-CD29-051F-D257159475A4}.Debug|Any CPU.ActiveCfg = Debug|Any CPU
		{C28F56B4-1496-CD29-051F-D257159475A4}.Debug|Any CPU.Build.0 = Debug|Any CPU
		{C28F56B4-1496-CD29-051F-D257159475A4}.Debug|x64.ActiveCfg = Debug|Any CPU
		{C28F56B4-1496-CD29-051F-D257159475A4}.Debug|x64.Build.0 = Debug|Any CPU
		{C28F56B4-1496-CD29-051F-D257159475A4}.Debug|x86.ActiveCfg = Debug|Any CPU
		{C28F56B4-1496-CD29-051F-D257159475A4}.Debug|x86.Build.0 = Debug|Any CPU
		{C28F56B4-1496-CD29-051F-D257159475A4}.Release|Any CPU.ActiveCfg = Release|Any CPU
		{C28F56B4-1496-CD29-051F-D257159475A4}.Release|Any CPU.Build.0 = Release|Any CPU
		{C28F56B4-1496-CD29-051F-D257159475A4}.Release|x64.ActiveCfg = Release|Any CPU
		{C28F56B4-1496-CD29-051F-D257159475A4}.Release|x64.Build.0 = Release|Any CPU
		{C28F56B4-1496-CD29-051F-D257159475A4}.Release|x86.ActiveCfg = Release|Any CPU
		{C28F56B4-1496-CD29-051F-D257159475A4}.Release|x86.Build.0 = Release|Any CPU
		{C9848024-B05D-C118-7EAC-63981275F6E3}.Debug|Any CPU.ActiveCfg = Debug|Any CPU
		{C9848024-B05D-C118-7EAC-63981275F6E3}.Debug|Any CPU.Build.0 = Debug|Any CPU
		{C9848024-B05D-C118-7EAC-63981275F6E3}.Debug|x64.ActiveCfg = Debug|Any CPU
		{C9848024-B05D-C118-7EAC-63981275F6E3}.Debug|x64.Build.0 = Debug|Any CPU
		{C9848024-B05D-C118-7EAC-63981275F6E3}.Debug|x86.ActiveCfg = Debug|Any CPU
		{C9848024-B05D-C118-7EAC-63981275F6E3}.Debug|x86.Build.0 = Debug|Any CPU
		{C9848024-B05D-C118-7EAC-63981275F6E3}.Release|Any CPU.ActiveCfg = Release|Any CPU
		{C9848024-B05D-C118-7EAC-63981275F6E3}.Release|Any CPU.Build.0 = Release|Any CPU
		{C9848024-B05D-C118-7EAC-63981275F6E3}.Release|x64.ActiveCfg = Release|Any CPU
		{C9848024-B05D-C118-7EAC-63981275F6E3}.Release|x64.Build.0 = Release|Any CPU
		{C9848024-B05D-C118-7EAC-63981275F6E3}.Release|x86.ActiveCfg = Release|Any CPU
		{C9848024-B05D-C118-7EAC-63981275F6E3}.Release|x86.Build.0 = Release|Any CPU
		{2D4897F5-B5ED-4308-B6E9-AE7C3DBA99DB}.Debug|Any CPU.ActiveCfg = Debug|Any CPU
		{2D4897F5-B5ED-4308-B6E9-AE7C3DBA99DB}.Debug|Any CPU.Build.0 = Debug|Any CPU
		{2D4897F5-B5ED-4308-B6E9-AE7C3DBA99DB}.Debug|x64.ActiveCfg = Debug|Any CPU
		{2D4897F5-B5ED-4308-B6E9-AE7C3DBA99DB}.Debug|x64.Build.0 = Debug|Any CPU
		{2D4897F5-B5ED-4308-B6E9-AE7C3DBA99DB}.Debug|x86.ActiveCfg = Debug|Any CPU
		{2D4897F5-B5ED-4308-B6E9-AE7C3DBA99DB}.Debug|x86.Build.0 = Debug|Any CPU
		{2D4897F5-B5ED-4308-B6E9-AE7C3DBA99DB}.Release|Any CPU.ActiveCfg = Release|Any CPU
		{2D4897F5-B5ED-4308-B6E9-AE7C3DBA99DB}.Release|Any CPU.Build.0 = Release|Any CPU
		{2D4897F5-B5ED-4308-B6E9-AE7C3DBA99DB}.Release|x64.ActiveCfg = Release|Any CPU
		{2D4897F5-B5ED-4308-B6E9-AE7C3DBA99DB}.Release|x64.Build.0 = Release|Any CPU
		{2D4897F5-B5ED-4308-B6E9-AE7C3DBA99DB}.Release|x86.ActiveCfg = Release|Any CPU
		{2D4897F5-B5ED-4308-B6E9-AE7C3DBA99DB}.Release|x86.Build.0 = Release|Any CPU
		{DE87B592-4D0F-4FA1-B1A6-52E96599BC98}.Debug|Any CPU.ActiveCfg = Debug|Any CPU
		{DE87B592-4D0F-4FA1-B1A6-52E96599BC98}.Debug|Any CPU.Build.0 = Debug|Any CPU
		{DE87B592-4D0F-4FA1-B1A6-52E96599BC98}.Debug|x64.ActiveCfg = Debug|Any CPU
		{DE87B592-4D0F-4FA1-B1A6-52E96599BC98}.Debug|x64.Build.0 = Debug|Any CPU
		{DE87B592-4D0F-4FA1-B1A6-52E96599BC98}.Debug|x86.ActiveCfg = Debug|Any CPU
		{DE87B592-4D0F-4FA1-B1A6-52E96599BC98}.Debug|x86.Build.0 = Debug|Any CPU
		{DE87B592-4D0F-4FA1-B1A6-52E96599BC98}.Release|Any CPU.ActiveCfg = Release|Any CPU
		{DE87B592-4D0F-4FA1-B1A6-52E96599BC98}.Release|Any CPU.Build.0 = Release|Any CPU
		{DE87B592-4D0F-4FA1-B1A6-52E96599BC98}.Release|x64.ActiveCfg = Release|Any CPU
		{DE87B592-4D0F-4FA1-B1A6-52E96599BC98}.Release|x64.Build.0 = Release|Any CPU
		{DE87B592-4D0F-4FA1-B1A6-52E96599BC98}.Release|x86.ActiveCfg = Release|Any CPU
		{DE87B592-4D0F-4FA1-B1A6-52E96599BC98}.Release|x86.Build.0 = Release|Any CPU
	EndGlobalSection
	GlobalSection(SolutionProperties) = preSolution
		HideSolutionNode = FALSE
	EndGlobalSection
	GlobalSection(ExtensibilityGlobals) = postSolution
		SolutionGuid = {B436E6BD-2A12-475C-B03E-B07E5A3C6CF1}
	EndGlobalSection
EndGlobal
