
Microsoft Visual Studio Solution File, Format Version 12.00
# Visual Studio Version 17
VisualStudioVersion = 17.14.36408.4
MinimumVisualStudioVersion = 10.0.40219.1
Project("{8BC9CEB8-8B4A-11D0-8D11-00A0C91BC942}") = "Pidss.Simulator.Cli", "simulator_cpp\Pidss.Simulator.Cli\Pidss.Simulator.Cli.vcxproj", "{D53424AD-5B1E-46E2-9F4A-1407A152C0DB}"
EndProject
Project("{FAE04EC0-301F-11D3-BF4B-00C04F79EFBC}") = "Pidss.Platform.Api", "platform_dotnet\Pidss.Platform.Api\Pidss.Platform.Api.csproj", "{13DCB91A-1003-4583-9411-C8EC008ABA70}"
EndProject
Project("{FAE04EC0-301F-11D3-BF4B-00C04F79EFBC}") = "Pidss.UiClient", "ui_client\Pidss.UiClient\Pidss.UiClient.csproj", "{88EB5E72-CFBA-4AF0-BE58-4E6A52CC4473}"
EndProject
Global
	GlobalSection(SolutionConfigurationPlatforms) = preSolution
		Debug|Any CPU = Debug|Any CPU
		Debug|x64 = Debug|x64
		Debug|x86 = Debug|x86
		Release|Any CPU = Release|Any CPU
		Release|x64 = Release|x64
		Release|x86 = Release|x86
	EndGlobalSection
	GlobalSection(ProjectConfigurationPlatforms) = postSolution
		{D53424AD-5B1E-46E2-9F4A-1407A152C0DB}.Debug|Any CPU.ActiveCfg = Debug|x64
		{D53424AD-5B1E-46E2-9F4A-1407A152C0DB}.Debug|Any CPU.Build.0 = Debug|x64
		{D53424AD-5B1E-46E2-9F4A-1407A152C0DB}.Debug|x64.ActiveCfg = Debug|x64
		{D53424AD-5B1E-46E2-9F4A-1407A152C0DB}.Debug|x64.Build.0 = Debug|x64
		{D53424AD-5B1E-46E2-9F4A-1407A152C0DB}.Debug|x86.ActiveCfg = Debug|Win32
		{D53424AD-5B1E-46E2-9F4A-1407A152C0DB}.Debug|x86.Build.0 = Debug|Win32
		{D53424AD-5B1E-46E2-9F4A-1407A152C0DB}.Release|Any CPU.ActiveCfg = Release|x64
		{D53424AD-5B1E-46E2-9F4A-1407A152C0DB}.Release|Any CPU.Build.0 = Release|x64
		{D53424AD-5B1E-46E2-9F4A-1407A152C0DB}.Release|x64.ActiveCfg = Release|x64
		{D53424AD-5B1E-46E2-9F4A-1407A152C0DB}.Release|x64.Build.0 = Release|x64
		{D53424AD-5B1E-46E2-9F4A-1407A152C0DB}.Release|x86.ActiveCfg = Release|Win32
		{D53424AD-5B1E-46E2-9F4A-1407A152C0DB}.Release|x86.Build.0 = Release|Win32
		{13DCB91A-1003-4583-9411-C8EC008ABA70}.Debug|Any CPU.ActiveCfg = Debug|Any CPU
		{13DCB91A-1003-4583-9411-C8EC008ABA70}.Debug|Any CPU.Build.0 = Debug|Any CPU
		{13DCB91A-1003-4583-9411-C8EC008ABA70}.Debug|x64.ActiveCfg = Debug|Any CPU
		{13DCB91A-1003-4583-9411-C8EC008ABA70}.Debug|x64.Build.0 = Debug|Any CPU
		{13DCB91A-1003-4583-9411-C8EC008ABA70}.Debug|x86.ActiveCfg = Debug|Any CPU
		{13DCB91A-1003-4583-9411-C8EC008ABA70}.Debug|x86.Build.0 = Debug|Any CPU
		{13DCB91A-1003-4583-9411-C8EC008ABA70}.Release|Any CPU.ActiveCfg = Release|Any CPU
		{13DCB91A-1003-4583-9411-C8EC008ABA70}.Release|Any CPU.Build.0 = Release|Any CPU
		{13DCB91A-1003-4583-9411-C8EC008ABA70}.Release|x64.ActiveCfg = Release|Any CPU
		{13DCB91A-1003-4583-9411-C8EC008ABA70}.Release|x64.Build.0 = Release|Any CPU
		{13DCB91A-1003-4583-9411-C8EC008ABA70}.Release|x86.ActiveCfg = Release|Any CPU
		{13DCB91A-1003-4583-9411-C8EC008ABA70}.Release|x86.Build.0 = Release|Any CPU
		{88EB5E72-CFBA-4AF0-BE58-4E6A52CC4473}.Debug|Any CPU.ActiveCfg = Debug|Any CPU
		{88EB5E72-CFBA-4AF0-BE58-4E6A52CC4473}.Debug|Any CPU.Build.0 = Debug|Any CPU
		{88EB5E72-CFBA-4AF0-BE58-4E6A52CC4473}.Debug|x64.ActiveCfg = Debug|Any CPU
		{88EB5E72-CFBA-4AF0-BE58-4E6A52CC4473}.Debug|x64.Build.0 = Debug|Any CPU
		{88EB5E72-CFBA-4AF0-BE58-4E6A52CC4473}.Debug|x86.ActiveCfg = Debug|Any CPU
		{88EB5E72-CFBA-4AF0-BE58-4E6A52CC4473}.Debug|x86.Build.0 = Debug|Any CPU
		{88EB5E72-CFBA-4AF0-BE58-4E6A52CC4473}.Release|Any CPU.ActiveCfg = Release|Any CPU
		{88EB5E72-CFBA-4AF0-BE58-4E6A52CC4473}.Release|Any CPU.Build.0 = Release|Any CPU
		{88EB5E72-CFBA-4AF0-BE58-4E6A52CC4473}.Release|x64.ActiveCfg = Release|Any CPU
		{88EB5E72-CFBA-4AF0-BE58-4E6A52CC4473}.Release|x64.Build.0 = Release|Any CPU
		{88EB5E72-CFBA-4AF0-BE58-4E6A52CC4473}.Release|x86.ActiveCfg = Release|Any CPU
		{88EB5E72-CFBA-4AF0-BE58-4E6A52CC4473}.Release|x86.Build.0 = Release|Any CPU
	EndGlobalSection
	GlobalSection(SolutionProperties) = preSolution
		HideSolutionNode = FALSE
	EndGlobalSection
	GlobalSection(ExtensibilityGlobals) = postSolution
		SolutionGuid = {B436E6BD-2A12-475C-B03E-B07E5A3C6CF1}
	EndGlobalSection
EndGlobal
